
Microsoft Visual Studio Solution File, Format Version 12.00
# Visual Studio Version 17
VisualStudioVersion = 17.0.32002.185
MinimumVisualStudioVersion = 10.0.40219.1
Project("{9A19103F-16F7-4668-BE54-9A1E7A4F7556}") = "MyFirstCoreProject", "MyFirstCoreProject.csproj", "{BD8AD9C0-4A46-49D9-A917-13F12A5660FA}"
EndProject
Global
	GlobalSection(SolutionConfigurationPlatforms) = preSolution
		Debug|Any CPU = Debug|Any CPU
		Release|Any CPU = Release|Any CPU
	EndGlobalSection
	GlobalSection(ProjectConfigurationPlatforms) = postSolution
		{BD8AD9C0-4A46-49D9-A917-13F12A5660FA}.Debug|Any CPU.ActiveCfg = Debug|Any CPU
		{BD8AD9C0-4A46-49D9-A917-13F12A5660FA}.Debug|Any CPU.Build.0 = Debug|Any CPU
		{BD8AD9C0-4A46-49D9-A917-13F12A5660FA}.Release|Any CPU.ActiveCfg = Release|Any CPU
		{BD8AD9C0-4A46-49D9-A917-13F12A5660FA}.Release|Any CPU.Build.0 = Release|Any CPU
	EndGlobalSection
	GlobalSection(SolutionProperties) = preSolution
		HideSolutionNode = FALSE
	EndGlobalSection
	GlobalSection(ExtensibilityGlobals) = postSolution
		SolutionGuid = {8AFAAED2-8B13-4C50-8A51-C65FAA80FD6E}
	EndGlobalSection
EndGlobal
